
Microsoft Visual Studio Solution File, Format Version 12.00
# Visual Studio Version 17
VisualStudioVersion = 17.14.36414.22 d17.14
MinimumVisualStudioVersion = 10.0.40219.1
Project("{FAE04EC0-301F-11D3-BF4B-00C04F79EFBC}") = "CapaDatos", "CapaDatos\CapaDatos.csproj", "{C8A79D94-42B7-4C16-9A98-6E1B3438B2B0}"
EndProject
Project("{FAE04EC0-301F-11D3-BF4B-00C04F79EFBC}") = "CapaNegocio", "CapaNegocio\CapaNegocio.csproj", "{92BEABD5-EEA5-43EC-9A8A-DC92DE7957F9}"
EndProject
Project("{FAE04EC0-301F-11D3-BF4B-00C04F79EFBC}") = "CapaPresentacion", "CapaPresentacion\CapaPresentacion.csproj", "{0FB8CEAA-2511-484E-9696-2777C84896B5}"
EndProject
Global
	GlobalSection(SolutionConfigurationPlatforms) = preSolution
		Debug|Any CPU = Debug|Any CPU
		Release|Any CPU = Release|Any CPU
	EndGlobalSection
	GlobalSection(ProjectConfigurationPlatforms) = postSolution
		{C8A79D94-42B7-4C16-9A98-6E1B3438B2B0}.Debug|Any CPU.ActiveCfg = Debug|Any CPU
		{C8A79D94-42B7-4C16-9A98-6E1B3438B2B0}.Debug|Any CPU.Build.0 = Debug|Any CPU
		{C8A79D94-42B7-4C16-9A98-6E1B3438B2B0}.Release|Any CPU.ActiveCfg = Release|Any CPU
		{C8A79D94-42B7-4C16-9A98-6E1B3438B2B0}.Release|Any CPU.Build.0 = Release|Any CPU
		{92BEABD5-EEA5-43EC-9A8A-DC92DE7957F9}.Debug|Any CPU.ActiveCfg = Debug|Any CPU
		{92BEABD5-EEA5-43EC-9A8A-DC92DE7957F9}.Debug|Any CPU.Build.0 = Debug|Any CPU
		{92BEABD5-EEA5-43EC-9A8A-DC92DE7957F9}.Release|Any CPU.ActiveCfg = Release|Any CPU
		{92BEABD5-EEA5-43EC-9A8A-DC92DE7957F9}.Release|Any CPU.Build.0 = Release|Any CPU
		{0FB8CEAA-2511-484E-9696-2777C84896B5}.Debug|Any CPU.ActiveCfg = Debug|Any CPU
		{0FB8CEAA-2511-484E-9696-2777C84896B5}.Debug|Any CPU.Build.0 = Debug|Any CPU
		{0FB8CEAA-2511-484E-9696-2777C84896B5}.Release|Any CPU.ActiveCfg = Release|Any CPU
		{0FB8CEAA-2511-484E-9696-2777C84896B5}.Release|Any CPU.Build.0 = Release|Any CPU
	EndGlobalSection
	GlobalSection(SolutionProperties) = preSolution
		HideSolutionNode = FALSE
	EndGlobalSection
	GlobalSection(ExtensibilityGlobals) = postSolution
		SolutionGuid = {6C05BAB0-5005-478E-8380-472B25EE0ABC}
	EndGlobalSection
EndGlobal
